dependencies:
- name: opensearch
  repository: https://opensearch-project.github.io/helm-charts/
  version: 2.9.0
- name: opensearch-dashboards
  repository: https://opensearch-project.github.io/helm-charts/
  version: 2.7.0
- name: rabbitmq
  repository: https://charts.bitnami.com/bitnami
  version: 11.2.2
- name: mysql
  repository: https://charts.bitnami.com/bitnami
  version: 9.4.5
- name: redis
  repository: https://charts.bitnami.com/bitnami
  version: 17.3.17
- name: mongodb
  repository: https://charts.bitnami.com/bitnami
  version: 13.6.3
- name: mx-notifier
  repository: file://../mx-notifier
  version: 1.1.8
digest: sha256:b3e9b105eb863099304af443de739dcf0e5067d1052ea4ee25c913e1e8fe19f0
generated: "2023-02-20T01:04:44.772961+07:00"
